// !$*UTF8*$!
{
	archiveVersion = 1;
	classes = {
	};
	objectVersion = 46;
	objects = {

/* Begin PBXBuildFile section */
		1809BA471AADF43C00BB749C /* main.m in Sources */ = {isa = PBXBuildFile; fileRef = 1809BA461AADF43C00BB749C /* main.m */; };
		1809BA4A1AADF43C00BB749C /* AppDelegate.m in Sources */ = {isa = PBXBuildFile; fileRef = 1809BA491AADF43C00BB749C /* AppDelegate.m */; };
		1809BA4D1AADF43C00BB749C /* ViewController.m in Sources */ = {isa = PBXBuildFile; fileRef = 1809BA4C1AADF43C00BB749C /* ViewController.m */; };
		1809BA501AADF43C00BB749C /* Main.storyboard in Resources */ = {isa = PBXBuildFile; fileRef = 1809BA4E1AADF43C00BB749C /* Main.storyboard */; };
		1809BA521AADF43C00BB749C /* Images.xcassets in Resources */ = {isa = PBXBuildFile; fileRef = 1809BA511AADF43C00BB749C /* Images.xcassets */; };
		1809BA551AADF43C00BB749C /* LaunchScreen.xib in Resources */ = {isa = PBXBuildFile; fileRef = 1809BA531AADF43C00BB749C /* LaunchScreen.xib */; };
		1809BA611AADF43C00BB749C /* IWannaBeBlueTests.m in Sources */ = {isa = PBXBuildFile; fileRef = 1809BA601AADF43C00BB749C /* IWannaBeBlueTests.m */; };
/* End PBXBuildFile section */

/* Begin PBXContainerItemProxy section */
		1809BA5B1AADF43C00BB749C /* PBXContainerItemProxy */ = {
			isa = PBXContainerItemProxy;
			containerPortal = 1809BA391AADF43C00BB749C /* Project object */;
			proxyType = 1;
			remoteGlobalIDString = 1809BA401AADF43C00BB749C;
			remoteInfo = IWannaBeBlue;
		};
/* End PBXContainerItemProxy section */

/* Begin PBXFileReference section */
		1809BA411AADF43C00BB749C /* IWannaBeBlue.app */ = {isa = PBXFileReference; explicitFileType = wrapper.application; includeInIndex = 0; path = IWannaBeBlue.app; sourceTree = BUILT_PRODUCTS_DIR; };
		1809BA451AADF43C00BB749C /* Info.plist */ = {isa = PBXFileReference; lastKnownFileType = text.plist.xml; path = Info.plist; sourceTree = "<group>"; };
		1809BA461AADF43C00BB749C /* main.m */ = {isa = PBXFileReference; lastKnownFileType = sourcecode.c.objc; path = main.m; sourceTree = "<group>"; };
		1809BA481AADF43C00BB749C /* AppDelegate.h */ = {isa = PBXFileReference; lastKnownFileType = sourcecode.c.h; path = AppDelegate.h; sourceTree = "<group>"; };
		1809BA491AADF43C00BB749C /* AppDelegate.m */ = {isa = PBXFileReference; lastKnownFileType = sourcecode.c.objc; path = AppDelegate.m; sourceTree = "<group>"; };
		1809BA4B1AADF43C00BB749C /* ViewController.h */ = {isa = PBXFileReference; lastKnownFileType = sourcecode.c.h; path = ViewController.h; sourceTree = "<group>"; };
		1809BA4C1AADF43C00BB749C /* ViewController.m */ = {isa = PBXFileReference; lastKnownFileType = sourcecode.c.objc; path = ViewController.m; sourceTree = "<group>"; };
		1809BA4F1AADF43C00BB749C /* Base */ = {isa = PBXFileReference; lastKnownFileType = file.storyboard; name = Base; path = Base.lproj/Main.storyboard; sourceTree = "<group>"; };
		1809BA511AADF43C00BB749C /* Images.xcassets */ = {isa = PBXFileReference; lastKnownFileType = folder.assetcatalog; path = Images.xcassets; sourceTree = "<group>"; };
		1809BA541AADF43C00BB749C /* Base */ = {isa = PBXFileReference; lastKnownFileType = file.xib; name = Base; path = Base.lproj/LaunchScreen.xib; sourceTree = "<group>"; };
		1809BA5A1AADF43C00BB749C /* IWannaBeBlueTests.xctest */ = {isa = PBXFileReference; explicitFileType = wrapper.cfbundle; includeInIndex = 0; path = IWannaBeBlueTests.xctest; sourceTree = BUILT_PRODUCTS_DIR; };
		1809BA5F1AADF43C00BB749C /* Info.plist */ = {isa = PBXFileReference; lastKnownFileType = text.plist.xml; path = Info.plist; sourceTree = "<group>"; };
		1809BA601AADF43C00BB749C /* IWannaBeBlueTests.m */ = {isa = PBXFileReference; lastKnownFileType = sourcecode.c.objc; path = IWannaBeBlueTests.m; sourceTree = "<group>"; };
/* End PBXFileReference section */

/* Begin PBXFrameworksBuildPhase section */
		1809BA3E1AADF43C00BB749C /* Frameworks */ = {
			isa = PBXFrameworksBuildPhase;
			buildActionMask = 2147483647;
			files = (
			);
			runOnlyForDeploymentPostprocessing = 0;
		};
		1809BA571AADF43C00BB749C /* Frameworks */ = {
			isa = PBXFrameworksBuildPhase;
			buildActionMask = 2147483647;
			files = (
			);
			runOnlyForDeploymentPostprocessing = 0;
		};
/* End PBXFrameworksBuildPhase section */

/* Begin PBXGroup section */
		1809BA381AADF43C00BB749C = {
			isa = PBXGroup;
			children = (
				1809BA431AADF43C00BB749C /* IWannaBeBlue */,
				1809BA5D1AADF43C00BB749C /* IWannaBeBlueTests */,
				1809BA421AADF43C00BB749C /* Products */,
			);
			sourceTree = "<group>";
		};
		1809BA421AADF43C00BB749C /* Products */ = {
			isa = PBXGroup;
			children = (
				1809BA411AADF43C00BB749C /* IWannaBeBlue.app */,
				1809BA5A1AADF43C00BB749C /* IWannaBeBlueTests.xctest */,
			);
			name = Products;
			sourceTree = "<group>";
		};
		1809BA431AADF43C00BB749C /* IWannaBeBlue */ = {
			isa = PBXGroup;
			children = (
				1809BA481AADF43C00BB749C /* AppDelegate.h */,
				1809BA491AADF43C00BB749C /* AppDelegate.m */,
				1809BA4B1AADF43C00BB749C /* ViewController.h */,
				1809BA4C1AADF43C00BB749C /* ViewController.m */,
				1809BA4E1AADF43C00BB749C /* Main.storyboard */,
				1809BA511AADF43C00BB749C /* Images.xcassets */,
				1809BA531AADF43C00BB749C /* LaunchScreen.xib */,
				1809BA441AADF43C00BB749C /* Supporting Files */,
			);
			path = IWannaBeBlue;
			sourceTree = "<group>";
		};
		1809BA441AADF43C00BB749C /* Supporting Files */ = {
			isa = PBXGroup;
			children = (
				1809BA451AADF43C00BB749C /* Info.plist */,
				1809BA461AADF43C00BB749C /* main.m */,
			);
			name = "Supporting Files";
			sourceTree = "<group>";
		};
		1809BA5D1AADF43C00BB749C /* IWannaBeBlueTests */ = {
			isa = PBXGroup;
			children = (
				1809BA601AADF43C00BB749C /* IWannaBeBlueTests.m */,
				1809BA5E1AADF43C00BB749C /* Supporting Files */,
			);
			path = IWannaBeBlueTests;
			sourceTree = "<group>";
		};
		1809BA5E1AADF43C00BB749C /* Supporting Files */ = {
			isa = PBXGroup;
			children = (
				1809BA5F1AADF43C00BB749C /* Info.plist */,
			);
			name = "Supporting Files";
			sourceTree = "<group>";
		};
/* End PBXGroup section */

/* Begin PBXNativeTarget section */
		1809BA401AADF43C00BB749C /* IWannaBeBlue */ = {
			isa = PBXNativeTarget;
			buildConfigurationList = 1809BA641AADF43C00BB749C /* Build configuration list for PBXNativeTarget "IWannaBeBlue" */;
			buildPhases = (
				1809BA3D1AADF43C00BB749C /* Sources */,
				1809BA3E1AADF43C00BB749C /* Frameworks */,
				1809BA3F1AADF43C00BB749C /* Resources */,
			);
			buildRules = (
			);
			dependencies = (
			);
			name = IWannaBeBlue;
			productName = IWannaBeBlue;
			productReference = 1809BA411AADF43C00BB749C /* IWannaBeBlue.app */;
			productType = "com.apple.product-type.application";
		};
		1809BA591AADF43C00BB749C /* IWannaBeBlueTests */ = {
			isa = PBXNativeTarget;
			buildConfigurationList = 1809BA671AADF43C00BB749C /* Build configuration list for PBXNativeTarget "IWannaBeBlueTests" */;
			buildPhases = (
				1809BA561AADF43C00BB749C /* Sources */,
				1809BA571AADF43C00BB749C /* Frameworks */,
				1809BA581AADF43C00BB749C /* Resources */,
			);
			buildRules = (
			);
			dependencies = (
				1809BA5C1AADF43C00BB749C /* PBXTargetDependency */,
			);
			name = IWannaBeBlueTests;
			productName = IWannaBeBlueTests;
			productReference = 1809BA5A1AADF43C00BB749C /* IWannaBeBlueTests.xctest */;
			productType = "com.apple.product-type.bundle.unit-test";
		};
/* End PBXNativeTarget section */

/* Begin PBXProject section */
		1809BA391AADF43C00BB749C /* Project object */ = {
			isa = PBXProject;
			attributes = {
				LastUpgradeCheck = 0610;
				ORGANIZATIONNAME = "Sherrie Jones";
				TargetAttributes = {
					1809BA401AADF43C00BB749C = {
						CreatedOnToolsVersion = 6.1.1;
					};
					1809BA591AADF43C00BB749C = {
						CreatedOnToolsVersion = 6.1.1;
						TestTargetID = 1809BA401AADF43C00BB749C;
					};
				};
			};
			buildConfigurationList = 1809BA3C1AADF43C00BB749C /* Build configuration list for PBXProject "IWannaBeBlue" */;
			compatibilityVersion = "Xcode 3.2";
			developmentRegion = English;
			hasScannedForEncodings = 0;
			knownRegions = (
				en,
				Base,
			);
			mainGroup = 1809BA381AADF43C00BB749C;
			productRefGroup = 1809BA421AADF43C00BB749C /* Products */;
			projectDirPath = "";
			projectRoot = "";
			targets = (
				1809BA401AADF43C00BB749C /* IWannaBeBlue */,
				1809BA591AADF43C00BB749C /* IWannaBeBlueTests */,
			);
		};
/* End PBXProject section */

/* Begin PBXResourcesBuildPhase section */
		1809BA3F1AADF43C00BB749C /* Resources */ = {
			isa = PBXResourcesBuildPhase;
			buildActionMask = 2147483647;
			files = (
				1809BA501AADF43C00BB749C /* Main.storyboard in Resources */,
				1809BA551AADF43C00BB749C /* LaunchScreen.xib in Resources */,
				1809BA521AADF43C00BB749C /* Images.xcassets in Resources */,
			);
			runOnlyForDeploymentPostprocessing = 0;
		};
		1809BA581AADF43C00BB749C /* Resources */ = {
			isa = PBXResourcesBuildPhase;
			buildActionMask = 2147483647;
			files = (
			);
			runOnlyForDeploymentPostprocessing = 0;
		};
/* End PBXResourcesBuildPhase section */

/* Begin PBXSourcesBuildPhase section */
		1809BA3D1AADF43C00BB749C /* Sources */ = {
			isa = PBXSourcesBuildPhase;
			buildActionMask = 2147483647;
			files = (
				1809BA4D1AADF43C00BB749C /* ViewController.m in Sources */,
				1809BA4A1AADF43C00BB749C /* AppDelegate.m in Sources */,
				1809BA471AADF43C00BB749C /* main.m in Sources */,
			);
			runOnlyForDeploymentPostprocessing = 0;
		};
		1809BA561AADF43C00BB749C /* Sources */ = {
			isa = PBXSourcesBuildPhase;
			buildActionMask = 2147483647;
			files = (
				1809BA611AADF43C00BB749C /* IWannaBeBlueTests.m in Sources */,
			);
			runOnlyForDeploymentPostprocessing = 0;
		};
/* End PBXSourcesBuildPhase section */

/* Begin PBXTargetDependency section */
		1809BA5C1AADF43C00BB749C /* PBXTargetDependency */ = {
			isa = PBXTargetDependency;
			target = 1809BA401AADF43C00BB749C /* IWannaBeBlue */;
			targetProxy = 1809BA5B1AADF43C00BB749C /* PBXContainerItemProxy */;
		};
/* End PBXTargetDependency section */

/* Begin PBXVariantGroup section */
		1809BA4E1AADF43C00BB749C /* Main.storyboard */ = {
			isa = PBXVariantGroup;
			children = (
				1809BA4F1AADF43C00BB749C /* Base */,
			);
			name = Main.storyboard;
			sourceTree = "<group>";
		};
		1809BA531AADF43C00BB749C /* LaunchScreen.xib */ = {
			isa = PBXVariantGroup;
			children = (
				1809BA541AADF43C00BB749C /* Base */,
			);
			name = LaunchScreen.xib;
			sourceTree = "<group>";
		};
/* End PBXVariantGroup section */

/* Begin XCBuildConfiguration section */
		1809BA621AADF43C00BB749C /* Debug */ = {
			isa = XCBuildConfiguration;
			buildSettings = {
				ALWAYS_SEARCH_USER_PATHS = NO;
				CLANG_CXX_LANGUAGE_STANDARD = "gnu++0x";
				CLANG_CXX_LIBRARY = "libc++";
				CLANG_ENABLE_MODULES = YES;
				CLANG_ENABLE_OBJC_ARC = YES;
				CLANG_WARN_BOOL_CONVERSION = YES;
				CLANG_WARN_CONSTANT_CONVERSION = YES;
				CLANG_WARN_DIRECT_OBJC_ISA_USAGE = YES_ERROR;
				CLANG_WARN_EMPTY_BODY = YES;
				CLANG_WARN_ENUM_CONVERSION = YES;
				CLANG_WARN_INT_CONVERSION = YES;
				CLANG_WARN_OBJC_ROOT_CLASS = YES_ERROR;
				CLANG_WARN_UNREACHABLE_CODE = YES;
				CLANG_WARN__DUPLICATE_METHOD_MATCH = YES;
				"CODE_SIGN_IDENTITY[sdk=iphoneos*]" = "iPhone Developer";
				COPY_PHASE_STRIP = NO;
				ENABLE_STRICT_OBJC_MSGSEND = YES;
				GCC_C_LANGUAGE_STANDARD = gnu99;
				GCC_DYNAMIC_NO_PIC = NO;
				GCC_OPTIMIZATION_LEVEL = 0;
				GCC_PREPROCESSOR_DEFINITIONS = (
					"DEBUG=1",
					"$(inherited)",
				);
				GCC_SYMBOLS_PRIVATE_EXTERN = NO;
				GCC_WARN_64_TO_32_BIT_CONVERSION = YES;
				GCC_WARN_ABOUT_RETURN_TYPE = YES_ERROR;
				GCC_WARN_UNDECLARED_SELECTOR = YES;
				GCC_WARN_UNINITIALIZED_AUTOS = YES_AGGRESSIVE;
				GCC_WARN_UNUSED_FUNCTION = YES;
				GCC_WARN_UNUSED_VARIABLE = YES;
				IPHONEOS_DEPLOYMENT_TARGET = 8.1;
				MTL_ENABLE_DEBUG_INFO = YES;
				ONLY_ACTIVE_ARCH = YES;
				SDKROOT = iphoneos;
			};
			name = Debug;
		};
		1809BA631AADF43C00BB749C /* Release */ = {
			isa = XCBuildConfiguration;
			buildSettings = {
				ALWAYS_SEARCH_USER_PATHS = NO;
				CLANG_CXX_LANGUAGE_STANDARD = "gnu++0x";
				CLANG_CXX_LIBRARY = "libc++";
				CLANG_ENABLE_MODULES = YES;
				CLANG_ENABLE_OBJC_ARC = YES;
				CLANG_WARN_BOOL_CONVERSION = YES;
				CLANG_WARN_CONSTANT_CONVERSION = YES;
				CLANG_WARN_DIRECT_OBJC_ISA_USAGE = YES_ERROR;
				CLANG_WARN_EMPTY_BODY = YES;
				CLANG_WARN_ENUM_CONVERSION = YES;
				CLANG_WARN_INT_CONVERSION = YES;
				CLANG_WARN_OBJC_ROOT_CLASS = YES_ERROR;
				CLANG_WARN_UNREACHABLE_CODE = YES;
				CLANG_WARN__DUPLICATE_METHOD_MATCH = YES;
				"CODE_SIGN_IDENTITY[sdk=iphoneos*]" = "iPhone Developer";
				COPY_PHASE_STRIP = YES;
				ENABLE_NS_ASSERTIONS = NO;
				ENABLE_STRICT_OBJC_MSGSEND = YES;
				GCC_C_LANGUAGE_STANDARD = gnu99;
				GCC_WARN_64_TO_32_BIT_CONVERSION = YES;
				GCC_WARN_ABOUT_RETURN_TYPE = YES_ERROR;
				GCC_WARN_UNDECLARED_SELECTOR = YES;
				GCC_WARN_UNINITIALIZED_AUTOS = YES_AGGRESSIVE;
				GCC_WARN_UNUSED_FUNCTION = YES;
				GCC_WARN_UNUSED_VARIABLE = YES;
				IPHONEOS_DEPLOYMENT_TARGET = 8.1;
				MTL_ENABLE_DEBUG_INFO = NO;
				SDKROOT = iphoneos;
				VALIDATE_PRODUCT = YES;
			};
			name = Release;
		};
		1809BA651AADF43C00BB749C /* Debug */ = {
			isa = XCBuildConfiguration;
			buildSettings = {
				ASSETCATALOG_COMPILER_APPICON_NAME = AppIcon;
				INFOPLIST_FILE = IWannaBeBlue/Info.plist;
				LD_RUNPATH_SEARCH_PATHS = "$(inherited) @executable_path/Frameworks";
				PRODUCT_NAME = "$(TARGET_NAME)";
			};
			name = Debug;
		};
		1809BA661AADF43C00BB749C /* Release */ = {
			isa = XCBuildConfiguration;
			buildSettings = {
				ASSETCATALOG_COMPILER_APPICON_NAME = AppIcon;
				INFOPLIST_FILE = IWannaBeBlue/Info.plist;
				LD_RUNPATH_SEARCH_PATHS = "$(inherited) @executable_path/Frameworks";
				PRODUCT_NAME = "$(TARGET_NAME)";
			};
			name = Release;
		};
		1809BA681AADF43C00BB749C /* Debug */ = {
			isa = XCBuildConfiguration;
			buildSettings = {
				BUNDLE_LOADER = "$(TEST_HOST)";
				FRAMEWORK_SEARCH_PATHS = (
					"$(SDKROOT)/Developer/Library/Frameworks",
					"$(inherited)",
				);
				GCC_PREPROCESSOR_DEFINITIONS = (
					"DEBUG=1",
					"$(inherited)",
				);
				INFOPLIST_FILE = IWannaBeBlueTests/Info.plist;
				LD_RUNPATH_SEARCH_PATHS = "$(inherited) @executable_path/Frameworks @loader_path/Frameworks";
				PRODUCT_NAME = "$(TARGET_NAME)";
				TEST_HOST = "$(BUILT_PRODUCTS_DIR)/IWannaBeBlue.app/IWannaBeBlue";
			};
			name = Debug;
		};
		1809BA691AADF43C00BB749C /* Release */ = {
			isa = XCBuildConfiguration;
			buildSettings = {
				BUNDLE_LOADER = "$(TEST_HOST)";
				FRAMEWORK_SEARCH_PATHS = (
					"$(SDKROOT)/Developer/Library/Frameworks",
					"$(inherited)",
				);
				INFOPLIST_FILE = IWannaBeBlueTests/Info.plist;
				LD_RUNPATH_SEARCH_PATHS = "$(inherited) @executable_path/Frameworks @loader_path/Frameworks";
				PRODUCT_NAME = "$(TARGET_NAME)";
				TEST_HOST = "$(BUILT_PRODUCTS_DIR)/IWannaBeBlue.app/IWannaBeBlue";
			};
			name = Release;
		};
/* End XCBuildConfiguration section */

/* Begin XCConfigurationList section */
		1809BA3C1AADF43C00BB749C /* Build configuration list for PBXProject "IWannaBeBlue" */ = {
			isa = XCConfigurationList;
			buildConfigurations = (
				1809BA621AADF43C00BB749C /* Debug */,
				1809BA631AADF43C00BB749C /* Release */,
			);
			defaultConfigurationIsVisible = 0;
			defaultConfigurationName = Release;
		};
		1809BA641AADF43C00BB749C /* Build configuration list for PBXNativeTarget "IWannaBeBlue" */ = {
			isa = XCConfigurationList;
			buildConfigurations = (
				1809BA651AADF43C00BB749C /* Debug */,
				1809BA661AADF43C00BB749C /* Release */,
			);
			defaultConfigurationIsVisible = 0;
		};
		1809BA671AADF43C00BB749C /* Build configuration list for PBXNativeTarget "IWannaBeBlueTests" */ = {
			isa = XCConfigurationList;
			buildConfigurations = (
				1809BA681AADF43C00BB749C /* Debug */,
				1809BA691AADF43C00BB749C /* Release */,
			);
			defaultConfigurationIsVisible = 0;
		};
/* End XCConfigurationList section */
	};
	rootObject = 1809BA391AADF43C00BB749C /* Project object */;
}
